
Microsoft Visual Studio Solution File, Format Version 12.00
# Visual Studio Version 16
VisualStudioVersion = 16.0.29519.87
MinimumVisualStudioVersion = 10.0.40219.1
Project("{FAE04EC0-301F-11D3-BF4B-00C04F79EFBC}") = "patron de estado", "patron de estado\patron de estado.csproj", "{9E9AD8D6-EB88-4C03-9297-3D19CD6680B0}"
EndProject
Global
	GlobalSection(SolutionConfigurationPlatforms) = preSolution
		Debug|Any CPU = Debug|Any CPU
		Release|Any CPU = Release|Any CPU
	EndGlobalSection
	GlobalSection(ProjectConfigurationPlatforms) = postSolution
		{9E9AD8D6-EB88-4C03-9297-3D19CD6680B0}.Debug|Any CPU.ActiveCfg = Debug|Any CPU
		{9E9AD8D6-EB88-4C03-9297-3D19CD6680B0}.Debug|Any CPU.Build.0 = Debug|Any CPU
		{9E9AD8D6-EB88-4C03-9297-3D19CD6680B0}.Release|Any CPU.ActiveCfg = Release|Any CPU
		{9E9AD8D6-EB88-4C03-9297-3D19CD6680B0}.Release|Any CPU.Build.0 = Release|Any CPU
	EndGlobalSection
	GlobalSection(SolutionProperties) = preSolution
		HideSolutionNode = FALSE
	EndGlobalSection
	GlobalSection(ExtensibilityGlobals) = postSolution
		SolutionGuid = {C571848F-5D70-4080-B939-F5FD4E28DE26}
	EndGlobalSection
EndGlobal
